PODS:
  - Alamofire (4.8.2)
  - CleanJSON (1.0.0)
  - CocoaChainKit (0.7.0)
  - Differentiator (3.1.0)
  - EachNavigationBar (1.14.0)
  - EasyRefresher (0.8.1)
  - ExtensionX (0.1.0)
  - FSPagerView (0.8.2)
  - IQKeyboardManagerSwift (6.3.0)
  - Kingfisher (5.5.0)
  - LeanCloud (15.0.0):
    - LeanCloud/Foundation (= 15.0.0)
    - LeanCloud/LocalStorage (= 15.0.0)
    - LeanCloud/Storage (= 15.0.0)
  - LeanCloud/Foundation (15.0.0)
  - LeanCloud/LocalStorage (15.0.0):
    - LeanCloud/Foundation
  - LeanCloud/Storage (15.0.0):
    - Alamofire (~> 4.8.0)
    - LeanCloud/Foundation
    - LeanCloud/LocalStorage
  - Moya/Core (13.0.1):
    - Alamofire (~> 4.1)
    - Result (~> 4.1)
  - Moya/RxSwift (13.0.1):
    - Moya/Core
    - RxSwift (~> 4.0)
  - netfox (1.15.0)
  - Result (4.1.0)
  - RxCocoa (4.5.0):
    - RxSwift (>= 4.4.2, ~> 4.4)
  - RxDataSources (3.1.0):
    - Differentiator (~> 3.0)
    - RxCocoa (~> 4.0)
    - RxSwift (~> 4.0)
  - RxGesture (2.2.0):
    - RxCocoa (~> 4.5)
    - RxSwift (~> 4.5)
  - RxNetwork (0.10.0):
    - RxNetwork/Core (= 0.10.0)
  - RxNetwork/Core (0.10.0):
    - Moya/RxSwift
  - RxSwift (4.5.0)
  - RxSwiftExt (3.4.0):
    - RxSwiftExt/Core (= 3.4.0)
    - RxSwiftExt/RxCocoa (= 3.4.0)
  - RxSwiftExt/Core (3.4.0):
    - RxSwift (~> 4.0)
  - RxSwiftExt/RxCocoa (3.4.0):
    - RxCocoa (~> 4.0)
    - RxSwiftExt/Core
  - RxSwiftX (0.5.2):
    - RxCocoa
    - RxSwift
    - RxSwiftX/Core (= 0.5.2)
  - RxSwiftX/Core (0.5.2):
    - RxCocoa
    - RxSwift
  - RxSwiftX/DataSources (0.5.2):
    - RxCocoa
    - RxDataSources
    - RxSwift
  - SnapKit (5.0.0)
  - Toast-Swift (5.0.0)

DEPENDENCIES:
  - CleanJSON (= 1.0.0)
  - CocoaChainKit
  - EachNavigationBar (= 1.14.0)
  - EasyRefresher
  - ExtensionX (from `./Pods/ExtensionX`)
  - FSPagerView
  - IQKeyboardManagerSwift
  - Kingfisher
  - LeanCloud
  - netfox
  - RxCocoa
  - RxDataSources
  - RxGesture
  - RxNetwork
  - RxSwift
  - RxSwiftExt
  - RxSwiftX
  - RxSwiftX/DataSources
  - SnapKit
  - Toast-Swift

SPEC REPOS:
  https://github.com/CocoaPods/Specs.git:
    - Alamofire
    - CocoaChainKit
    - Differentiator
    - EasyRefresher
    - FSPagerView
    - IQKeyboardManagerSwift
    - Kingfisher
    - LeanCloud
    - Moya
    - netfox
    - Result
    - RxCocoa
    - RxDataSources
    - RxGesture
    - RxNetwork
    - RxSwift
    - RxSwiftExt
    - RxSwiftX
    - SnapKit
    - Toast-Swift
  trunk:
    - CleanJSON
    - EachNavigationBar

EXTERNAL SOURCES:
  ExtensionX:
    :path: "./Pods/ExtensionX"

SPEC CHECKSUMS:
  Alamofire: ae5c501addb7afdbb13687d7f2f722c78734c2d3
  CleanJSON: 702dd619e1329c6399a579aa19af311acf47e461
  CocoaChainKit: 66c13211d6cc1d5e46192d1a354f733c69b35671
  Differentiator: be49ca3408f0ecfc761e4c7763d20c62be01b9ad
  EachNavigationBar: ff866e24f57cf4630508bee102c2cd497d0e5d8f
  EasyRefresher: 4d6ff2647e3df4bc6dcd9eee1e4cecc3ac366c6a
  ExtensionX: 69f37b6e028ec3460e2c36a519af304b282fc7fa
  FSPagerView: 816a18842306973cc7cc6df8a5332272f7815c30
  IQKeyboardManagerSwift: a8228c257614af98743b4cd8584637025f36358f
  Kingfisher: 6fe5e67a90fd335e49b0f5c075ff55ac5ebedd94
  LeanCloud: 62fe4e615494425081fd719c0d56fae130f764ea
  Moya: f4a4b80ff2f8a4ffc208dfb31cd91636622fee6e
  netfox: 6ddcca687ad0a58550054fea481cb487461b5e0c
  Result: bd966fac789cc6c1563440b348ab2598cc24d5c7
  RxCocoa: cbf70265dc65a981d4ac982e513c10cf23df24a0
  RxDataSources: a843bad90c29817f5923ec8163f4af2de084ceb3
  RxGesture: c1b7bf17166b0ef9d642a9510f8bac5785f18990
  RxNetwork: 23fdb8eaeeef1266cb65fb971a4028d9c14f7129
  RxSwift: f172070dfd1a93d70a9ab97a5a01166206e1c575
  RxSwiftExt: 01f8ecbeeb355698e9c75365ebe908b00dacf45d
  RxSwiftX: abdb26ccd9925210466672efd7dfc9aa57a19029
  SnapKit: fd22d10eb9aff484d79a8724eab922c1ddf89bcf
  Toast-Swift: 36f4720243c8582c2be243a60a51e193c761f541

PODFILE CHECKSUM: 3283af8e50e2c3a45b0c1731ddb262916b53d07d

COCOAPODS: 1.8.4
