PODS:
  - Alamofire (4.7.2)
  - AVOSCloud (11.0.0)
  - AVOSCloudIM (11.0.0):
    - AVOSCloud (= 11.0.0)
    - AVOSCloudIM/_ARC (= 11.0.0)
    - AVOSCloudIM/_NOARC (= 11.0.0)
  - AVOSCloudIM/_ARC (11.0.0):
    - AVOSCloud (= 11.0.0)
    - AVOSCloudIM/_NOARC (= 11.0.0)
  - AVOSCloudIM/_NOARC (11.0.0):
    - AVOSCloud (= 11.0.0)
  - CocoaChainKit (0.4.2)
  - EachNavigationBar (0.1.2)
  - ExtensionX (0.1.0)
  - IQKeyboardManagerSwift (6.0.3)
  - LeanCloud (11.0.1):
    - LeanCloud/Storage (= 11.0.1)
  - LeanCloud/Storage (11.0.1):
    - Alamofire (~> 4.7)
  - RxCocoa (4.1.2):
    - RxSwift (~> 4.0)
  - RxSwift (4.1.2)
  - SnapKit (4.0.0)
  - Toast-Swift (3.0.1)

DEPENDENCIES:
  - AVOSCloud
  - AVOSCloudIM
  - CocoaChainKit
  - EachNavigationBar
  - ExtensionX (from `./Pods/ExtensionX`)
  - IQKeyboardManagerSwift
  - LeanCloud
  - RxCocoa
  - RxSwift
  - SnapKit
  - Toast-Swift

SPEC REPOS:
  https://github.com/cocoapods/specs.git:
    - Alamofire
    - AVOSCloud
    - AVOSCloudIM
    - CocoaChainKit
    - EachNavigationBar
    - IQKeyboardManagerSwift
    - LeanCloud
    - RxCocoa
    - RxSwift
    - SnapKit
    - Toast-Swift

EXTERNAL SOURCES:
  ExtensionX:
    :path: "./Pods/ExtensionX"

SPEC CHECKSUMS:
  Alamofire: e4fa87002c137ba2d8d634d2c51fabcda0d5c223
  AVOSCloud: 8ffa848f5f7391fc7594d3671a29cd6f8a14cc2a
  AVOSCloudIM: 465af27feb394e50e1b09a7fd2da4645be340cdb
  CocoaChainKit: b812b87c270e8383cf65640857d63112b1d8ad88
  EachNavigationBar: 899d8bdb544e6283d631b05648a6974a7c3d2573
  ExtensionX: 91034096d5169845375a9ffdceda0f828616de17
  IQKeyboardManagerSwift: 04e8679f85e496bb2c474eeb9284052f1b3c391c
  LeanCloud: f9776746a4cd62bdb441f2768017a91c9516d219
  RxCocoa: d88ba0f1f6abf040011a9eb4b539324fc426843a
  RxSwift: e49536837d9901277638493ea537394d4b55f570
  SnapKit: a42d492c16e80209130a3379f73596c3454b7694
  Toast-Swift: ba0b01b095aada709d915f9beb1d38184a2721c3

PODFILE CHECKSUM: 096a9376e8495ceaeb0ec218699669cb9e6dc022

COCOAPODS: 1.5.2
