// !$*UTF8*$!
{
	archiveVersion = 1;
	classes = {
	};
	objectVersion = 50;
	objects = {

/* Begin PBXBuildFile section */
		20E1FA8E40B5C21A66B89D28 /* Pods_LightCloud.framework in Frameworks */ = {isa = PBXBuildFile; fileRef = B08F923131461D0E06265D37 /* Pods_LightCloud.framework */; };
		2548B5C773D0CB3547448FF3 /* Pods_LightCloudTests.framework in Frameworks */ = {isa = PBXBuildFile; fileRef = BAF8201F33770CD8D8638427 /* Pods_LightCloudTests.framework */; };
		336115D620B5A019001B5668 /* TodoItemCell.swift in Sources */ = {isa = PBXBuildFile; fileRef = 336115D520B5A018001B5668 /* TodoItemCell.swift */; };
		33E40B5A20BD8C2700F7EAF1 /* Toast+Rx.swift in Sources */ = {isa = PBXBuildFile; fileRef = 33E40B5920BD8C2700F7EAF1 /* Toast+Rx.swift */; };
		33F1094E20B5AB2400F24154 /* LCObject+Rx.swift in Sources */ = {isa = PBXBuildFile; fileRef = 33F1094D20B5AB2400F24154 /* LCObject+Rx.swift */; };
		6CDC6000213776DA002EF24E /* SnapKit+UIViewController.swift in Sources */ = {isa = PBXBuildFile; fileRef = 6CDC5FFF213776DA002EF24E /* SnapKit+UIViewController.swift */; };
		B585042020BCE4D200D9846D /* ImportFile.swift in Sources */ = {isa = PBXBuildFile; fileRef = B585041F20BCE4D200D9846D /* ImportFile.swift */; };
		B585042220BCF28000D9846D /* BannerAPI.swift in Sources */ = {isa = PBXBuildFile; fileRef = B585042120BCF28000D9846D /* BannerAPI.swift */; };
		B585042520BCF3B200D9846D /* BannerItemModel.swift in Sources */ = {isa = PBXBuildFile; fileRef = B585042420BCF3B200D9846D /* BannerItemModel.swift */; };
		B585042720BCF51B00D9846D /* Network+LightCloud.swift in Sources */ = {isa = PBXBuildFile; fileRef = B585042620BCF51B00D9846D /* Network+LightCloud.swift */; };
		B59F983D20BFE771007A8880 /* UIState+Rx.swift in Sources */ = {isa = PBXBuildFile; fileRef = B59F983C20BFE771007A8880 /* UIState+Rx.swift */; };
		B5A2581520F72FC9005DE7FA /* Response+LightCloud.swift in Sources */ = {isa = PBXBuildFile; fileRef = B5A2581420F72FC9005DE7FA /* Response+LightCloud.swift */; };
		B5B96BAF20BD1C4800D60EDE /* LCError+Message.swift in Sources */ = {isa = PBXBuildFile; fileRef = B5B96BAE20BD1C4800D60EDE /* LCError+Message.swift */; };
		B5BF557620AD45ED00BAF346 /* Toast.swift in Sources */ = {isa = PBXBuildFile; fileRef = B5BF557520AD45ED00BAF346 /* Toast.swift */; };
		B5CE124720A3D88700EC3F30 /* AppDelegate.swift in Sources */ = {isa = PBXBuildFile; fileRef = B5CE124620A3D88700EC3F30 /* AppDelegate.swift */; };
		B5CE124920A3D88700EC3F30 /* HomeViewController.swift in Sources */ = {isa = PBXBuildFile; fileRef = B5CE124820A3D88700EC3F30 /* HomeViewController.swift */; };
		B5CE124E20A3D88800EC3F30 /* Assets.xcassets in Resources */ = {isa = PBXBuildFile; fileRef = B5CE124D20A3D88800EC3F30 /* Assets.xcassets */; };
		B5CE125120A3D88800EC3F30 /* LaunchScreen.storyboard in Resources */ = {isa = PBXBuildFile; fileRef = B5CE124F20A3D88800EC3F30 /* LaunchScreen.storyboard */; };
		B5CE125C20A3D88900EC3F30 /* LightCloudTests.swift in Sources */ = {isa = PBXBuildFile; fileRef = B5CE125B20A3D88900EC3F30 /* LightCloudTests.swift */; };
		B5CE126720A3D88900EC3F30 /* LightCloudUITests.swift in Sources */ = {isa = PBXBuildFile; fileRef = B5CE126620A3D88900EC3F30 /* LightCloudUITests.swift */; };
		B5CE127A20A3DA8F00EC3F30 /* AppDelegate+Services.swift in Sources */ = {isa = PBXBuildFile; fileRef = B5CE127920A3DA8F00EC3F30 /* AppDelegate+Services.swift */; };
		B5CE128F20A3DFB300EC3F30 /* LoginViewController.swift in Sources */ = {isa = PBXBuildFile; fileRef = B5CE128E20A3DFB300EC3F30 /* LoginViewController.swift */; };
		B5CE129120A3E01E00EC3F30 /* AppDelegate+Root.swift in Sources */ = {isa = PBXBuildFile; fileRef = B5CE129020A3E01E00EC3F30 /* AppDelegate+Root.swift */; };
		B5CE129E20A3E4D100EC3F30 /* EffectTextField.swift in Sources */ = {isa = PBXBuildFile; fileRef = B5CE129D20A3E4D100EC3F30 /* EffectTextField.swift */; };
		B5CE12A020A3EB9200EC3F30 /* LoginViewModel.swift in Sources */ = {isa = PBXBuildFile; fileRef = B5CE129F20A3EB9200EC3F30 /* LoginViewModel.swift */; };
		B5CE12A920A3F58700EC3F30 /* BaseViewController.swift in Sources */ = {isa = PBXBuildFile; fileRef = B5CE12A820A3F58700EC3F30 /* BaseViewController.swift */; };
		B5CE12AC20A4141E00EC3F30 /* LCUser+Rx.swift in Sources */ = {isa = PBXBuildFile; fileRef = B5CE12AB20A4141E00EC3F30 /* LCUser+Rx.swift */; };
		B5CE12AE20A419F000EC3F30 /* RegisterViewModel.swift in Sources */ = {isa = PBXBuildFile; fileRef = B5CE12AD20A419F000EC3F30 /* RegisterViewModel.swift */; };
		B5CE12B020A41B1800EC3F30 /* RegisterViewController.swift in Sources */ = {isa = PBXBuildFile; fileRef = B5CE12AF20A41B1800EC3F30 /* RegisterViewController.swift */; };
		B5DD813820C7AB400041A66E /* TodoItemModel.swift in Sources */ = {isa = PBXBuildFile; fileRef = B5DD813720C7AB400041A66E /* TodoItemModel.swift */; };
		B5DEFE8A20C8F3580051C7DE /* MainViewController.swift in Sources */ = {isa = PBXBuildFile; fileRef = B5DEFE8920C8F3580051C7DE /* MainViewController.swift */; };
		B5F7C09120B25F9B00B8F53B /* QueryViewController.swift in Sources */ = {isa = PBXBuildFile; fileRef = B5F7C09020B25F9B00B8F53B /* QueryViewController.swift */; };
		B5F7C09420B25FA700B8F53B /* HomeViewModel.swift in Sources */ = {isa = PBXBuildFile; fileRef = B5F7C09220B25FA700B8F53B /* HomeViewModel.swift */; };
		B5F7C09520B25FA700B8F53B /* QueryViewModel.swift in Sources */ = {isa = PBXBuildFile; fileRef = B5F7C09320B25FA700B8F53B /* QueryViewModel.swift */; };
		B5F7C09920B2610100B8F53B /* LCQuery+Rx.swift in Sources */ = {isa = PBXBuildFile; fileRef = B5F7C09820B2610100B8F53B /* LCQuery+Rx.swift */; };
		D5B6A42A5DF7E28906C99BF7 /* Pods_LightCloudUITests.framework in Frameworks */ = {isa = PBXBuildFile; fileRef = B9F76D6726E9537F583A497D /* Pods_LightCloudUITests.framework */; };
/* End PBXBuildFile section */

/* Begin PBXContainerItemProxy section */
		B5CE125820A3D88900EC3F30 /* PBXContainerItemProxy */ = {
			isa = PBXContainerItemProxy;
			containerPortal = B5CE123B20A3D88700EC3F30 /* Project object */;
			proxyType = 1;
			remoteGlobalIDString = B5CE124220A3D88700EC3F30;
			remoteInfo = LightCloud;
		};
		B5CE126320A3D88900EC3F30 /* PBXContainerItemProxy */ = {
			isa = PBXContainerItemProxy;
			containerPortal = B5CE123B20A3D88700EC3F30 /* Project object */;
			proxyType = 1;
			remoteGlobalIDString = B5CE124220A3D88700EC3F30;
			remoteInfo = LightCloud;
		};
/* End PBXContainerItemProxy section */

/* Begin PBXFileReference section */
		05FCE86C376FC23D2C014D95 /* Pods-LightCloud.debug.xcconfig */ = {isa = PBXFileReference; includeInIndex = 1; lastKnownFileType = text.xcconfig; name = "Pods-LightCloud.debug.xcconfig"; path = "Pods/Target Support Files/Pods-LightCloud/Pods-LightCloud.debug.xcconfig"; sourceTree = "<group>"; };
		14AE4D52C883F8123E91BC1D /* Pods-LightCloudUITests.release.xcconfig */ = {isa = PBXFileReference; includeInIndex = 1; lastKnownFileType = text.xcconfig; name = "Pods-LightCloudUITests.release.xcconfig"; path = "Pods/Target Support Files/Pods-LightCloudUITests/Pods-LightCloudUITests.release.xcconfig"; sourceTree = "<group>"; };
		336115D520B5A018001B5668 /* TodoItemCell.swift */ = {isa = PBXFileReference; lastKnownFileType = sourcecode.swift; path = TodoItemCell.swift; sourceTree = "<group>"; };
		33E40B5920BD8C2700F7EAF1 /* Toast+Rx.swift */ = {isa = PBXFileReference; lastKnownFileType = sourcecode.swift; path = "Toast+Rx.swift"; sourceTree = "<group>"; };
		33F1094D20B5AB2400F24154 /* LCObject+Rx.swift */ = {isa = PBXFileReference; lastKnownFileType = sourcecode.swift; path = "LCObject+Rx.swift"; sourceTree = "<group>"; };
		6CDC5FFF213776DA002EF24E /* SnapKit+UIViewController.swift */ = {isa = PBXFileReference; lastKnownFileType = sourcecode.swift; path = "SnapKit+UIViewController.swift"; sourceTree = "<group>"; };
		7248AAD6D56F320C01A23F26 /* Pods-LightCloudTests.release.xcconfig */ = {isa = PBXFileReference; includeInIndex = 1; lastKnownFileType = text.xcconfig; name = "Pods-LightCloudTests.release.xcconfig"; path = "Pods/Target Support Files/Pods-LightCloudTests/Pods-LightCloudTests.release.xcconfig"; sourceTree = "<group>"; };
		7356DC83A161CD1EEDA74BE6 /* Pods-LightCloudUITests.debug.xcconfig */ = {isa = PBXFileReference; includeInIndex = 1; lastKnownFileType = text.xcconfig; name = "Pods-LightCloudUITests.debug.xcconfig"; path = "Pods/Target Support Files/Pods-LightCloudUITests/Pods-LightCloudUITests.debug.xcconfig"; sourceTree = "<group>"; };
		A095E71B7201D80AE5B014E6 /* Pods-LightCloudTests.debug.xcconfig */ = {isa = PBXFileReference; includeInIndex = 1; lastKnownFileType = text.xcconfig; name = "Pods-LightCloudTests.debug.xcconfig"; path = "Pods/Target Support Files/Pods-LightCloudTests/Pods-LightCloudTests.debug.xcconfig"; sourceTree = "<group>"; };
		B08F923131461D0E06265D37 /* Pods_LightCloud.framework */ = {isa = PBXFileReference; explicitFileType = wrapper.framework; includeInIndex = 0; path = Pods_LightCloud.framework; sourceTree = BUILT_PRODUCTS_DIR; };
		B585041F20BCE4D200D9846D /* ImportFile.swift */ = {isa = PBXFileReference; lastKnownFileType = sourcecode.swift; path = ImportFile.swift; sourceTree = "<group>"; };
		B585042120BCF28000D9846D /* BannerAPI.swift */ = {isa = PBXFileReference; lastKnownFileType = sourcecode.swift; path = BannerAPI.swift; sourceTree = "<group>"; };
		B585042420BCF3B200D9846D /* BannerItemModel.swift */ = {isa = PBXFileReference; lastKnownFileType = sourcecode.swift; path = BannerItemModel.swift; sourceTree = "<group>"; };
		B585042620BCF51B00D9846D /* Network+LightCloud.swift */ = {isa = PBXFileReference; fileEncoding = 4; lastKnownFileType = sourcecode.swift; path = "Network+LightCloud.swift"; sourceTree = "<group>"; };
		B59F983C20BFE771007A8880 /* UIState+Rx.swift */ = {isa = PBXFileReference; lastKnownFileType = sourcecode.swift; path = "UIState+Rx.swift"; sourceTree = "<group>"; };
		B5A2581420F72FC9005DE7FA /* Response+LightCloud.swift */ = {isa = PBXFileReference; lastKnownFileType = sourcecode.swift; path = "Response+LightCloud.swift"; sourceTree = "<group>"; };
		B5B96BAE20BD1C4800D60EDE /* LCError+Message.swift */ = {isa = PBXFileReference; lastKnownFileType = sourcecode.swift; path = "LCError+Message.swift"; sourceTree = "<group>"; };
		B5BF557520AD45ED00BAF346 /* Toast.swift */ = {isa = PBXFileReference; lastKnownFileType = sourcecode.swift; path = Toast.swift; sourceTree = "<group>"; };
		B5CE124320A3D88700EC3F30 /* LightCloud.app */ = {isa = PBXFileReference; explicitFileType = wrapper.application; includeInIndex = 0; path = LightCloud.app; sourceTree = BUILT_PRODUCTS_DIR; };
		B5CE124620A3D88700EC3F30 /* AppDelegate.swift */ = {isa = PBXFileReference; lastKnownFileType = sourcecode.swift; path = AppDelegate.swift; sourceTree = "<group>"; };
		B5CE124820A3D88700EC3F30 /* HomeViewController.swift */ = {isa = PBXFileReference; lastKnownFileType = sourcecode.swift; path = HomeViewController.swift; sourceTree = "<group>"; };
		B5CE124D20A3D88800EC3F30 /* Assets.xcassets */ = {isa = PBXFileReference; lastKnownFileType = folder.assetcatalog; path = Assets.xcassets; sourceTree = "<group>"; };
		B5CE125020A3D88800EC3F30 /* Base */ = {isa = PBXFileReference; lastKnownFileType = file.storyboard; name = Base; path = Base.lproj/LaunchScreen.storyboard; sourceTree = "<group>"; };
		B5CE125220A3D88800EC3F30 /* Info.plist */ = {isa = PBXFileReference; lastKnownFileType = text.plist.xml; path = Info.plist; sourceTree = "<group>"; };
		B5CE125720A3D88900EC3F30 /* LightCloudTests.xctest */ = {isa = PBXFileReference; explicitFileType = wrapper.cfbundle; includeInIndex = 0; path = LightCloudTests.xctest; sourceTree = BUILT_PRODUCTS_DIR; };
		B5CE125B20A3D88900EC3F30 /* LightCloudTests.swift */ = {isa = PBXFileReference; lastKnownFileType = sourcecode.swift; path = LightCloudTests.swift; sourceTree = "<group>"; };
		B5CE125D20A3D88900EC3F30 /* Info.plist */ = {isa = PBXFileReference; lastKnownFileType = text.plist.xml; path = Info.plist; sourceTree = "<group>"; };
		B5CE126220A3D88900EC3F30 /* LightCloudUITests.xctest */ = {isa = PBXFileReference; explicitFileType = wrapper.cfbundle; includeInIndex = 0; path = LightCloudUITests.xctest; sourceTree = BUILT_PRODUCTS_DIR; };
		B5CE126620A3D88900EC3F30 /* LightCloudUITests.swift */ = {isa = PBXFileReference; lastKnownFileType = sourcecode.swift; path = LightCloudUITests.swift; sourceTree = "<group>"; };
		B5CE126820A3D88900EC3F30 /* Info.plist */ = {isa = PBXFileReference; lastKnownFileType = text.plist.xml; path = Info.plist; sourceTree = "<group>"; };
		B5CE127420A3DA2A00EC3F30 /* LightCloud-Bridging-Header.h */ = {isa = PBXFileReference; lastKnownFileType = sourcecode.c.h; path = "LightCloud-Bridging-Header.h"; sourceTree = "<group>"; };
		B5CE127920A3DA8F00EC3F30 /* AppDelegate+Services.swift */ = {isa = PBXFileReference; lastKnownFileType = sourcecode.swift; path = "AppDelegate+Services.swift"; sourceTree = "<group>"; };
		B5CE128E20A3DFB300EC3F30 /* LoginViewController.swift */ = {isa = PBXFileReference; lastKnownFileType = sourcecode.swift; path = LoginViewController.swift; sourceTree = "<group>"; };
		B5CE129020A3E01E00EC3F30 /* AppDelegate+Root.swift */ = {isa = PBXFileReference; lastKnownFileType = sourcecode.swift; path = "AppDelegate+Root.swift"; sourceTree = "<group>"; };
		B5CE129D20A3E4D100EC3F30 /* EffectTextField.swift */ = {isa = PBXFileReference; fileEncoding = 4; lastKnownFileType = sourcecode.swift; path = EffectTextField.swift; sourceTree = "<group>"; };
		B5CE129F20A3EB9200EC3F30 /* LoginViewModel.swift */ = {isa = PBXFileReference; lastKnownFileType = sourcecode.swift; path = LoginViewModel.swift; sourceTree = "<group>"; };
		B5CE12A820A3F58700EC3F30 /* BaseViewController.swift */ = {isa = PBXFileReference; lastKnownFileType = sourcecode.swift; path = BaseViewController.swift; sourceTree = "<group>"; };
		B5CE12AB20A4141E00EC3F30 /* LCUser+Rx.swift */ = {isa = PBXFileReference; lastKnownFileType = sourcecode.swift; path = "LCUser+Rx.swift"; sourceTree = "<group>"; };
		B5CE12AD20A419F000EC3F30 /* RegisterViewModel.swift */ = {isa = PBXFileReference; lastKnownFileType = sourcecode.swift; path = RegisterViewModel.swift; sourceTree = "<group>"; };
		B5CE12AF20A41B1800EC3F30 /* RegisterViewController.swift */ = {isa = PBXFileReference; lastKnownFileType = sourcecode.swift; path = RegisterViewController.swift; sourceTree = "<group>"; };
		B5DD813720C7AB400041A66E /* TodoItemModel.swift */ = {isa = PBXFileReference; lastKnownFileType = sourcecode.swift; path = TodoItemModel.swift; sourceTree = "<group>"; };
		B5DEFE8920C8F3580051C7DE /* MainViewController.swift */ = {isa = PBXFileReference; lastKnownFileType = sourcecode.swift; path = MainViewController.swift; sourceTree = "<group>"; };
		B5F7C09020B25F9B00B8F53B /* QueryViewController.swift */ = {isa = PBXFileReference; fileEncoding = 4; lastKnownFileType = sourcecode.swift; path = QueryViewController.swift; sourceTree = "<group>"; };
		B5F7C09220B25FA700B8F53B /* HomeViewModel.swift */ = {isa = PBXFileReference; fileEncoding = 4; lastKnownFileType = sourcecode.swift; path = HomeViewModel.swift; sourceTree = "<group>"; };
		B5F7C09320B25FA700B8F53B /* QueryViewModel.swift */ = {isa = PBXFileReference; fileEncoding = 4; lastKnownFileType = sourcecode.swift; path = QueryViewModel.swift; sourceTree = "<group>"; };
		B5F7C09820B2610100B8F53B /* LCQuery+Rx.swift */ = {isa = PBXFileReference; fileEncoding = 4; lastKnownFileType = sourcecode.swift; path = "LCQuery+Rx.swift"; sourceTree = "<group>"; };
		B9F76D6726E9537F583A497D /* Pods_LightCloudUITests.framework */ = {isa = PBXFileReference; explicitFileType = wrapper.framework; includeInIndex = 0; path = Pods_LightCloudUITests.framework; sourceTree = BUILT_PRODUCTS_DIR; };
		BAF8201F33770CD8D8638427 /* Pods_LightCloudTests.framework */ = {isa = PBXFileReference; explicitFileType = wrapper.framework; includeInIndex = 0; path = Pods_LightCloudTests.framework; sourceTree = BUILT_PRODUCTS_DIR; };
		D9E124A2AB1601C3B9E16950 /* Pods-LightCloud.release.xcconfig */ = {isa = PBXFileReference; includeInIndex = 1; lastKnownFileType = text.xcconfig; name = "Pods-LightCloud.release.xcconfig"; path = "Pods/Target Support Files/Pods-LightCloud/Pods-LightCloud.release.xcconfig"; sourceTree = "<group>"; };
/* End PBXFileReference section */

/* Begin PBXFrameworksBuildPhase section */
		B5CE124020A3D88700EC3F30 /* Frameworks */ = {
			isa = PBXFrameworksBuildPhase;
			buildActionMask = 2147483647;
			files = (
				20E1FA8E40B5C21A66B89D28 /* Pods_LightCloud.framework in Frameworks */,
			);
			runOnlyForDeploymentPostprocessing = 0;
		};
		B5CE125420A3D88900EC3F30 /* Frameworks */ = {
			isa = PBXFrameworksBuildPhase;
			buildActionMask = 2147483647;
			files = (
				2548B5C773D0CB3547448FF3 /* Pods_LightCloudTests.framework in Frameworks */,
			);
			runOnlyForDeploymentPostprocessing = 0;
		};
		B5CE125F20A3D88900EC3F30 /* Frameworks */ = {
			isa = PBXFrameworksBuildPhase;
			buildActionMask = 2147483647;
			files = (
				D5B6A42A5DF7E28906C99BF7 /* Pods_LightCloudUITests.framework in Frameworks */,
			);
			runOnlyForDeploymentPostprocessing = 0;
		};
/* End PBXFrameworksBuildPhase section */

/* Begin PBXGroup section */
		336115D420B59FC9001B5668 /* View */ = {
			isa = PBXGroup;
			children = (
				336115D520B5A018001B5668 /* TodoItemCell.swift */,
			);
			name = View;
			path = View/View;
			sourceTree = "<group>";
		};
		B585042320BCF39D00D9846D /* Model */ = {
			isa = PBXGroup;
			children = (
				B585042420BCF3B200D9846D /* BannerItemModel.swift */,
				B5DD813720C7AB400041A66E /* TodoItemModel.swift */,
			);
			path = Model;
			sourceTree = "<group>";
		};
		B5A2581320F72FAE005DE7FA /* Network */ = {
			isa = PBXGroup;
			children = (
				B585042620BCF51B00D9846D /* Network+LightCloud.swift */,
				B5A2581420F72FC9005DE7FA /* Response+LightCloud.swift */,
			);
			path = Network;
			sourceTree = "<group>";
		};
		B5CE123A20A3D88700EC3F30 = {
			isa = PBXGroup;
			children = (
				B5CE124520A3D88700EC3F30 /* LightCloud */,
				B5CE125A20A3D88900EC3F30 /* LightCloudTests */,
				B5CE126520A3D88900EC3F30 /* LightCloudUITests */,
				B5CE124420A3D88700EC3F30 /* Products */,
				C29BE6F96B8AF5F4E6C6B969 /* Pods */,
				EC02E9E018D166D79FB69CF3 /* Frameworks */,
			);
			sourceTree = "<group>";
		};
		B5CE124420A3D88700EC3F30 /* Products */ = {
			isa = PBXGroup;
			children = (
				B5CE124320A3D88700EC3F30 /* LightCloud.app */,
				B5CE125720A3D88900EC3F30 /* LightCloudTests.xctest */,
				B5CE126220A3D88900EC3F30 /* LightCloudUITests.xctest */,
			);
			name = Products;
			sourceTree = "<group>";
		};
		B5CE124520A3D88700EC3F30 /* LightCloud */ = {
			isa = PBXGroup;
			children = (
				B5CE12AA20A4140C00EC3F30 /* API */,
				B5CE127820A3DA7700EC3F30 /* App */,
				B5CE124D20A3D88800EC3F30 /* Assets.xcassets */,
				B5CE127B20A3DF5600EC3F30 /* Classes */,
				B5CE129220A3E04700EC3F30 /* Extension */,
				B5CE125220A3D88800EC3F30 /* Info.plist */,
				B5CE124F20A3D88800EC3F30 /* LaunchScreen.storyboard */,
				B5CE127420A3DA2A00EC3F30 /* LightCloud-Bridging-Header.h */,
				B5A2581320F72FAE005DE7FA /* Network */,
				B5D62F0920AA6BF5002F8FB3 /* Vendor */,
			);
			path = LightCloud;
			sourceTree = "<group>";
		};
		B5CE125A20A3D88900EC3F30 /* LightCloudTests */ = {
			isa = PBXGroup;
			children = (
				B5CE125B20A3D88900EC3F30 /* LightCloudTests.swift */,
				B5CE125D20A3D88900EC3F30 /* Info.plist */,
			);
			path = LightCloudTests;
			sourceTree = "<group>";
		};
		B5CE126520A3D88900EC3F30 /* LightCloudUITests */ = {
			isa = PBXGroup;
			children = (
				B5CE126620A3D88900EC3F30 /* LightCloudUITests.swift */,
				B5CE126820A3D88900EC3F30 /* Info.plist */,
			);
			path = LightCloudUITests;
			sourceTree = "<group>";
		};
		B5CE127820A3DA7700EC3F30 /* App */ = {
			isa = PBXGroup;
			children = (
				B5CE124620A3D88700EC3F30 /* AppDelegate.swift */,
				B5CE129020A3E01E00EC3F30 /* AppDelegate+Root.swift */,
				B5CE127920A3DA8F00EC3F30 /* AppDelegate+Services.swift */,
				B585041F20BCE4D200D9846D /* ImportFile.swift */,
			);
			path = App;
			sourceTree = "<group>";
		};
		B5CE127B20A3DF5600EC3F30 /* Classes */ = {
			isa = PBXGroup;
			children = (
				B5CE12A220A3F55F00EC3F30 /* Base */,
				B5CE128820A3DF9E00EC3F30 /* Home */,
				B5CE128220A3DF9E00EC3F30 /* Login */,
			);
			path = Classes;
			sourceTree = "<group>";
		};
		B5CE128220A3DF9E00EC3F30 /* Login */ = {
			isa = PBXGroup;
			children = (
				B5CE128520A3DF9E00EC3F30 /* Controller */,
				B5CE128620A3DF9E00EC3F30 /* View */,
				B5CE128720A3DF9E00EC3F30 /* ViewModel */,
			);
			path = Login;
			sourceTree = "<group>";
		};
		B5CE128520A3DF9E00EC3F30 /* Controller */ = {
			isa = PBXGroup;
			children = (
				B5CE128E20A3DFB300EC3F30 /* LoginViewController.swift */,
				B5CE12AF20A41B1800EC3F30 /* RegisterViewController.swift */,
			);
			path = Controller;
			sourceTree = "<group>";
		};
		B5CE128620A3DF9E00EC3F30 /* View */ = {
			isa = PBXGroup;
			children = (
				B5CE129D20A3E4D100EC3F30 /* EffectTextField.swift */,
			);
			name = View;
			path = View/View;
			sourceTree = "<group>";
		};
		B5CE128720A3DF9E00EC3F30 /* ViewModel */ = {
			isa = PBXGroup;
			children = (
				B5CE129F20A3EB9200EC3F30 /* LoginViewModel.swift */,
				B5CE12AD20A419F000EC3F30 /* RegisterViewModel.swift */,
			);
			path = ViewModel;
			sourceTree = "<group>";
		};
		B5CE128820A3DF9E00EC3F30 /* Home */ = {
			isa = PBXGroup;
			children = (
				B5CE128B20A3DF9E00EC3F30 /* Controller */,
				B585042320BCF39D00D9846D /* Model */,
				336115D420B59FC9001B5668 /* View */,
				B5CE128D20A3DF9E00EC3F30 /* ViewModel */,
			);
			path = Home;
			sourceTree = "<group>";
		};
		B5CE128B20A3DF9E00EC3F30 /* Controller */ = {
			isa = PBXGroup;
			children = (
				B5F7C09020B25F9B00B8F53B /* QueryViewController.swift */,
				B5CE124820A3D88700EC3F30 /* HomeViewController.swift */,
			);
			path = Controller;
			sourceTree = "<group>";
		};
		B5CE128D20A3DF9E00EC3F30 /* ViewModel */ = {
			isa = PBXGroup;
			children = (
				B5F7C09220B25FA700B8F53B /* HomeViewModel.swift */,
				B5F7C09320B25FA700B8F53B /* QueryViewModel.swift */,
			);
			path = ViewModel;
			sourceTree = "<group>";
		};
		B5CE129220A3E04700EC3F30 /* Extension */ = {
			isa = PBXGroup;
			children = (
				33E40B5920BD8C2700F7EAF1 /* Toast+Rx.swift */,
				B59F983C20BFE771007A8880 /* UIState+Rx.swift */,
				6CDC5FFF213776DA002EF24E /* SnapKit+UIViewController.swift */,
			);
			path = Extension;
			sourceTree = "<group>";
		};
		B5CE12A220A3F55F00EC3F30 /* Base */ = {
			isa = PBXGroup;
			children = (
				B5CE12A620A3F57400EC3F30 /* Controller */,
			);
			path = Base;
			sourceTree = "<group>";
		};
		B5CE12A620A3F57400EC3F30 /* Controller */ = {
			isa = PBXGroup;
			children = (
				B5CE12A820A3F58700EC3F30 /* BaseViewController.swift */,
				B5DEFE8920C8F3580051C7DE /* MainViewController.swift */,
			);
			path = Controller;
			sourceTree = "<group>";
		};
		B5CE12AA20A4140C00EC3F30 /* API */ = {
			isa = PBXGroup;
			children = (
				B5F7C09820B2610100B8F53B /* LCQuery+Rx.swift */,
				B5CE12AB20A4141E00EC3F30 /* LCUser+Rx.swift */,
				33F1094D20B5AB2400F24154 /* LCObject+Rx.swift */,
				B585042120BCF28000D9846D /* BannerAPI.swift */,
				B5B96BAE20BD1C4800D60EDE /* LCError+Message.swift */,
			);
			path = API;
			sourceTree = "<group>";
		};
		B5D62F0920AA6BF5002F8FB3 /* Vendor */ = {
			isa = PBXGroup;
			children = (
				B5BF557520AD45ED00BAF346 /* Toast.swift */,
			);
			path = Vendor;
			sourceTree = "<group>";
		};
		C29BE6F96B8AF5F4E6C6B969 /* Pods */ = {
			isa = PBXGroup;
			children = (
				05FCE86C376FC23D2C014D95 /* Pods-LightCloud.debug.xcconfig */,
				D9E124A2AB1601C3B9E16950 /* Pods-LightCloud.release.xcconfig */,
				A095E71B7201D80AE5B014E6 /* Pods-LightCloudTests.debug.xcconfig */,
				7248AAD6D56F320C01A23F26 /* Pods-LightCloudTests.release.xcconfig */,
				7356DC83A161CD1EEDA74BE6 /* Pods-LightCloudUITests.debug.xcconfig */,
				14AE4D52C883F8123E91BC1D /* Pods-LightCloudUITests.release.xcconfig */,
			);
			name = Pods;
			sourceTree = "<group>";
		};
		EC02E9E018D166D79FB69CF3 /* Frameworks */ = {
			isa = PBXGroup;
			children = (
				B08F923131461D0E06265D37 /* Pods_LightCloud.framework */,
				BAF8201F33770CD8D8638427 /* Pods_LightCloudTests.framework */,
				B9F76D6726E9537F583A497D /* Pods_LightCloudUITests.framework */,
			);
			name = Frameworks;
			sourceTree = "<group>";
		};
/* End PBXGroup section */

/* Begin PBXNativeTarget section */
		B5CE124220A3D88700EC3F30 /* LightCloud */ = {
			isa = PBXNativeTarget;
			buildConfigurationList = B5CE126B20A3D88900EC3F30 /* Build configuration list for PBXNativeTarget "LightCloud" */;
			buildPhases = (
				E0FFE118DF02BF702C02312D /* [CP] Check Pods Manifest.lock */,
				B5CE123F20A3D88700EC3F30 /* Sources */,
				B5CE124020A3D88700EC3F30 /* Frameworks */,
				B5CE124120A3D88700EC3F30 /* Resources */,
				4FAAF3ED48F82616BC69DF74 /* [CP] Embed Pods Frameworks */,
			);
			buildRules = (
			);
			dependencies = (
			);
			name = LightCloud;
			productName = LightCloud;
			productReference = B5CE124320A3D88700EC3F30 /* LightCloud.app */;
			productType = "com.apple.product-type.application";
		};
		B5CE125620A3D88900EC3F30 /* LightCloudTests */ = {
			isa = PBXNativeTarget;
			buildConfigurationList = B5CE126E20A3D88900EC3F30 /* Build configuration list for PBXNativeTarget "LightCloudTests" */;
			buildPhases = (
				1BA4F81C750A7CE17F1D9094 /* [CP] Check Pods Manifest.lock */,
				B5CE125320A3D88900EC3F30 /* Sources */,
				B5CE125420A3D88900EC3F30 /* Frameworks */,
				B5CE125520A3D88900EC3F30 /* Resources */,
			);
			buildRules = (
			);
			dependencies = (
				B5CE125920A3D88900EC3F30 /* PBXTargetDependency */,
			);
			name = LightCloudTests;
			productName = LightCloudTests;
			productReference = B5CE125720A3D88900EC3F30 /* LightCloudTests.xctest */;
			productType = "com.apple.product-type.bundle.unit-test";
		};
		B5CE126120A3D88900EC3F30 /* LightCloudUITests */ = {
			isa = PBXNativeTarget;
			buildConfigurationList = B5CE127120A3D88900EC3F30 /* Build configuration list for PBXNativeTarget "LightCloudUITests" */;
			buildPhases = (
				DFC7C07C98DB097140D237D9 /* [CP] Check Pods Manifest.lock */,
				B5CE125E20A3D88900EC3F30 /* Sources */,
				B5CE125F20A3D88900EC3F30 /* Frameworks */,
				B5CE126020A3D88900EC3F30 /* Resources */,
			);
			buildRules = (
			);
			dependencies = (
				B5CE126420A3D88900EC3F30 /* PBXTargetDependency */,
			);
			name = LightCloudUITests;
			productName = LightCloudUITests;
			productReference = B5CE126220A3D88900EC3F30 /* LightCloudUITests.xctest */;
			productType = "com.apple.product-type.bundle.ui-testing";
		};
/* End PBXNativeTarget section */

/* Begin PBXProject section */
		B5CE123B20A3D88700EC3F30 /* Project object */ = {
			isa = PBXProject;
			attributes = {
				LastSwiftUpdateCheck = 0930;
				LastUpgradeCheck = 0930;
				ORGANIZATIONNAME = gaoX;
				TargetAttributes = {
					B5CE124220A3D88700EC3F30 = {
						CreatedOnToolsVersion = 9.3;
						LastSwiftMigration = 0930;
					};
					B5CE125620A3D88900EC3F30 = {
						CreatedOnToolsVersion = 9.3;
						TestTargetID = B5CE124220A3D88700EC3F30;
					};
					B5CE126120A3D88900EC3F30 = {
						CreatedOnToolsVersion = 9.3;
						TestTargetID = B5CE124220A3D88700EC3F30;
					};
				};
			};
			buildConfigurationList = B5CE123E20A3D88700EC3F30 /* Build configuration list for PBXProject "LightCloud" */;
			compatibilityVersion = "Xcode 9.3";
			developmentRegion = en;
			hasScannedForEncodings = 0;
			knownRegions = (
				en,
				Base,
			);
			mainGroup = B5CE123A20A3D88700EC3F30;
			productRefGroup = B5CE124420A3D88700EC3F30 /* Products */;
			projectDirPath = "";
			projectRoot = "";
			targets = (
				B5CE124220A3D88700EC3F30 /* LightCloud */,
				B5CE125620A3D88900EC3F30 /* LightCloudTests */,
				B5CE126120A3D88900EC3F30 /* LightCloudUITests */,
			);
		};
/* End PBXProject section */

/* Begin PBXResourcesBuildPhase section */
		B5CE124120A3D88700EC3F30 /* Resources */ = {
			isa = PBXResourcesBuildPhase;
			buildActionMask = 2147483647;
			files = (
				B5CE125120A3D88800EC3F30 /* LaunchScreen.storyboard in Resources */,
				B5CE124E20A3D88800EC3F30 /* Assets.xcassets in Resources */,
			);
			runOnlyForDeploymentPostprocessing = 0;
		};
		B5CE125520A3D88900EC3F30 /* Resources */ = {
			isa = PBXResourcesBuildPhase;
			buildActionMask = 2147483647;
			files = (
			);
			runOnlyForDeploymentPostprocessing = 0;
		};
		B5CE126020A3D88900EC3F30 /* Resources */ = {
			isa = PBXResourcesBuildPhase;
			buildActionMask = 2147483647;
			files = (
			);
			runOnlyForDeploymentPostprocessing = 0;
		};
/* End PBXResourcesBuildPhase section */

/* Begin PBXShellScriptBuildPhase section */
		1BA4F81C750A7CE17F1D9094 /* [CP] Check Pods Manifest.lock */ = {
			isa = PBXShellScriptBuildPhase;
			buildActionMask = 2147483647;
			files = (
			);
			inputPaths = (
				"${PODS_PODFILE_DIR_PATH}/Podfile.lock",
				"${PODS_ROOT}/Manifest.lock",
			);
			name = "[CP] Check Pods Manifest.lock";
			outputPaths = (
				"$(DERIVED_FILE_DIR)/Pods-LightCloudTests-checkManifestLockResult.txt",
			);
			runOnlyForDeploymentPostprocessing = 0;
			shellPath = /bin/sh;
			shellScript = "diff \"${PODS_PODFILE_DIR_PATH}/Podfile.lock\" \"${PODS_ROOT}/Manifest.lock\" > /dev/null\nif [ $? != 0 ] ; then\n    # print error to STDERR\n    echo \"error: The sandbox is not in sync with the Podfile.lock. Run 'pod install' or update your CocoaPods installation.\" >&2\n    exit 1\nfi\n# This output is used by Xcode 'outputs' to avoid re-running this script phase.\necho \"SUCCESS\" > \"${SCRIPT_OUTPUT_FILE_0}\"\n";
			showEnvVarsInLog = 0;
		};
		4FAAF3ED48F82616BC69DF74 /* [CP] Embed Pods Frameworks */ = {
			isa = PBXShellScriptBuildPhase;
			buildActionMask = 2147483647;
			files = (
			);
			inputPaths = (
				"${PODS_ROOT}/Target Support Files/Pods-LightCloud/Pods-LightCloud-frameworks.sh",
				"${BUILT_PRODUCTS_DIR}/Alamofire/Alamofire.framework",
				"${BUILT_PRODUCTS_DIR}/CleanJSON/CleanJSON.framework",
				"${BUILT_PRODUCTS_DIR}/CocoaChainKit/CocoaChainKit.framework",
				"${BUILT_PRODUCTS_DIR}/Differentiator/Differentiator.framework",
				"${BUILT_PRODUCTS_DIR}/EachNavigationBar/EachNavigationBar.framework",
				"${BUILT_PRODUCTS_DIR}/ExtensionX/ExtensionX.framework",
				"${BUILT_PRODUCTS_DIR}/FSCycleScrollView/FSCycleScrollView.framework",
				"${BUILT_PRODUCTS_DIR}/FSPagerView/FSPagerView.framework",
				"${BUILT_PRODUCTS_DIR}/IQKeyboardManagerSwift/IQKeyboardManagerSwift.framework",
				"${BUILT_PRODUCTS_DIR}/Kingfisher/Kingfisher.framework",
				"${BUILT_PRODUCTS_DIR}/LeanCloud/LeanCloud.framework",
				"${BUILT_PRODUCTS_DIR}/MJRefresh/MJRefresh.framework",
				"${BUILT_PRODUCTS_DIR}/Moya/Moya.framework",
				"${BUILT_PRODUCTS_DIR}/Result/Result.framework",
				"${BUILT_PRODUCTS_DIR}/RxCocoa/RxCocoa.framework",
				"${BUILT_PRODUCTS_DIR}/RxDataSources/RxDataSources.framework",
				"${BUILT_PRODUCTS_DIR}/RxGesture/RxGesture.framework",
				"${BUILT_PRODUCTS_DIR}/RxNetwork/RxNetwork.framework",
				"${BUILT_PRODUCTS_DIR}/RxSwift/RxSwift.framework",
				"${BUILT_PRODUCTS_DIR}/RxSwiftExt/RxSwiftExt.framework",
				"${BUILT_PRODUCTS_DIR}/RxSwiftX/RxSwiftX.framework",
				"${BUILT_PRODUCTS_DIR}/SnapKit/SnapKit.framework",
				"${BUILT_PRODUCTS_DIR}/Toast-Swift/Toast_Swift.framework",
				"${BUILT_PRODUCTS_DIR}/netfox/netfox.framework",
			);
			name = "[CP] Embed Pods Frameworks";
			outputPaths = (
				"${TARGET_BUILD_DIR}/${FRAMEWORKS_FOLDER_PATH}/Alamofire.framework",
				"${TARGET_BUILD_DIR}/${FRAMEWORKS_FOLDER_PATH}/CleanJSON.framework",
				"${TARGET_BUILD_DIR}/${FRAMEWORKS_FOLDER_PATH}/CocoaChainKit.framework",
				"${TARGET_BUILD_DIR}/${FRAMEWORKS_FOLDER_PATH}/Differentiator.framework",
				"${TARGET_BUILD_DIR}/${FRAMEWORKS_FOLDER_PATH}/EachNavigationBar.framework",
				"${TARGET_BUILD_DIR}/${FRAMEWORKS_FOLDER_PATH}/ExtensionX.framework",
				"${TARGET_BUILD_DIR}/${FRAMEWORKS_FOLDER_PATH}/FSCycleScrollView.framework",
				"${TARGET_BUILD_DIR}/${FRAMEWORKS_FOLDER_PATH}/FSPagerView.framework",
				"${TARGET_BUILD_DIR}/${FRAMEWORKS_FOLDER_PATH}/IQKeyboardManagerSwift.framework",
				"${TARGET_BUILD_DIR}/${FRAMEWORKS_FOLDER_PATH}/Kingfisher.framework",
				"${TARGET_BUILD_DIR}/${FRAMEWORKS_FOLDER_PATH}/LeanCloud.framework",
				"${TARGET_BUILD_DIR}/${FRAMEWORKS_FOLDER_PATH}/MJRefresh.framework",
				"${TARGET_BUILD_DIR}/${FRAMEWORKS_FOLDER_PATH}/Moya.framework",
				"${TARGET_BUILD_DIR}/${FRAMEWORKS_FOLDER_PATH}/Result.framework",
				"${TARGET_BUILD_DIR}/${FRAMEWORKS_FOLDER_PATH}/RxCocoa.framework",
				"${TARGET_BUILD_DIR}/${FRAMEWORKS_FOLDER_PATH}/RxDataSources.framework",
				"${TARGET_BUILD_DIR}/${FRAMEWORKS_FOLDER_PATH}/RxGesture.framework",
				"${TARGET_BUILD_DIR}/${FRAMEWORKS_FOLDER_PATH}/RxNetwork.framework",
				"${TARGET_BUILD_DIR}/${FRAMEWORKS_FOLDER_PATH}/RxSwift.framework",
				"${TARGET_BUILD_DIR}/${FRAMEWORKS_FOLDER_PATH}/RxSwiftExt.framework",
				"${TARGET_BUILD_DIR}/${FRAMEWORKS_FOLDER_PATH}/RxSwiftX.framework",
				"${TARGET_BUILD_DIR}/${FRAMEWORKS_FOLDER_PATH}/SnapKit.framework",
				"${TARGET_BUILD_DIR}/${FRAMEWORKS_FOLDER_PATH}/Toast_Swift.framework",
				"${TARGET_BUILD_DIR}/${FRAMEWORKS_FOLDER_PATH}/netfox.framework",
			);
			runOnlyForDeploymentPostprocessing = 0;
			shellPath = /bin/sh;
			shellScript = "\"${PODS_ROOT}/Target Support Files/Pods-LightCloud/Pods-LightCloud-frameworks.sh\"\n";
			showEnvVarsInLog = 0;
		};
		DFC7C07C98DB097140D237D9 /* [CP] Check Pods Manifest.lock */ = {
			isa = PBXShellScriptBuildPhase;
			buildActionMask = 2147483647;
			files = (
			);
			inputPaths = (
				"${PODS_PODFILE_DIR_PATH}/Podfile.lock",
				"${PODS_ROOT}/Manifest.lock",
			);
			name = "[CP] Check Pods Manifest.lock";
			outputPaths = (
				"$(DERIVED_FILE_DIR)/Pods-LightCloudUITests-checkManifestLockResult.txt",
			);
			runOnlyForDeploymentPostprocessing = 0;
			shellPath = /bin/sh;
			shellScript = "diff \"${PODS_PODFILE_DIR_PATH}/Podfile.lock\" \"${PODS_ROOT}/Manifest.lock\" > /dev/null\nif [ $? != 0 ] ; then\n    # print error to STDERR\n    echo \"error: The sandbox is not in sync with the Podfile.lock. Run 'pod install' or update your CocoaPods installation.\" >&2\n    exit 1\nfi\n# This output is used by Xcode 'outputs' to avoid re-running this script phase.\necho \"SUCCESS\" > \"${SCRIPT_OUTPUT_FILE_0}\"\n";
			showEnvVarsInLog = 0;
		};
		E0FFE118DF02BF702C02312D /* [CP] Check Pods Manifest.lock */ = {
			isa = PBXShellScriptBuildPhase;
			buildActionMask = 2147483647;
			files = (
			);
			inputPaths = (
				"${PODS_PODFILE_DIR_PATH}/Podfile.lock",
				"${PODS_ROOT}/Manifest.lock",
			);
			name = "[CP] Check Pods Manifest.lock";
			outputPaths = (
				"$(DERIVED_FILE_DIR)/Pods-LightCloud-checkManifestLockResult.txt",
			);
			runOnlyForDeploymentPostprocessing = 0;
			shellPath = /bin/sh;
			shellScript = "diff \"${PODS_PODFILE_DIR_PATH}/Podfile.lock\" \"${PODS_ROOT}/Manifest.lock\" > /dev/null\nif [ $? != 0 ] ; then\n    # print error to STDERR\n    echo \"error: The sandbox is not in sync with the Podfile.lock. Run 'pod install' or update your CocoaPods installation.\" >&2\n    exit 1\nfi\n# This output is used by Xcode 'outputs' to avoid re-running this script phase.\necho \"SUCCESS\" > \"${SCRIPT_OUTPUT_FILE_0}\"\n";
			showEnvVarsInLog = 0;
		};
/* End PBXShellScriptBuildPhase section */

/* Begin PBXSourcesBuildPhase section */
		B5CE123F20A3D88700EC3F30 /* Sources */ = {
			isa = PBXSourcesBuildPhase;
			buildActionMask = 2147483647;
			files = (
				B5DD813820C7AB400041A66E /* TodoItemModel.swift in Sources */,
				B5CE129E20A3E4D100EC3F30 /* EffectTextField.swift in Sources */,
				B5A2581520F72FC9005DE7FA /* Response+LightCloud.swift in Sources */,
				33E40B5A20BD8C2700F7EAF1 /* Toast+Rx.swift in Sources */,
				B5CE128F20A3DFB300EC3F30 /* LoginViewController.swift in Sources */,
				B5CE12A020A3EB9200EC3F30 /* LoginViewModel.swift in Sources */,
				B585042520BCF3B200D9846D /* BannerItemModel.swift in Sources */,
				B5F7C09420B25FA700B8F53B /* HomeViewModel.swift in Sources */,
				33F1094E20B5AB2400F24154 /* LCObject+Rx.swift in Sources */,
				B585042020BCE4D200D9846D /* ImportFile.swift in Sources */,
				B585042720BCF51B00D9846D /* Network+LightCloud.swift in Sources */,
				B5CE12A920A3F58700EC3F30 /* BaseViewController.swift in Sources */,
				B5DEFE8A20C8F3580051C7DE /* MainViewController.swift in Sources */,
				B5F7C09920B2610100B8F53B /* LCQuery+Rx.swift in Sources */,
				336115D620B5A019001B5668 /* TodoItemCell.swift in Sources */,
				B5CE12B020A41B1800EC3F30 /* RegisterViewController.swift in Sources */,
				B5BF557620AD45ED00BAF346 /* Toast.swift in Sources */,
				B5F7C09520B25FA700B8F53B /* QueryViewModel.swift in Sources */,
				6CDC6000213776DA002EF24E /* SnapKit+UIViewController.swift in Sources */,
				B59F983D20BFE771007A8880 /* UIState+Rx.swift in Sources */,
				B5CE127A20A3DA8F00EC3F30 /* AppDelegate+Services.swift in Sources */,
				B5F7C09120B25F9B00B8F53B /* QueryViewController.swift in Sources */,
				B5CE129120A3E01E00EC3F30 /* AppDelegate+Root.swift in Sources */,
				B585042220BCF28000D9846D /* BannerAPI.swift in Sources */,
				B5CE12AC20A4141E00EC3F30 /* LCUser+Rx.swift in Sources */,
				B5CE12AE20A419F000EC3F30 /* RegisterViewModel.swift in Sources */,
				B5CE124920A3D88700EC3F30 /* HomeViewController.swift in Sources */,
				B5CE124720A3D88700EC3F30 /* AppDelegate.swift in Sources */,
				B5B96BAF20BD1C4800D60EDE /* LCError+Message.swift in Sources */,
			);
			runOnlyForDeploymentPostprocessing = 0;
		};
		B5CE125320A3D88900EC3F30 /* Sources */ = {
			isa = PBXSourcesBuildPhase;
			buildActionMask = 2147483647;
			files = (
				B5CE125C20A3D88900EC3F30 /* LightCloudTests.swift in Sources */,
			);
			runOnlyForDeploymentPostprocessing = 0;
		};
		B5CE125E20A3D88900EC3F30 /* Sources */ = {
			isa = PBXSourcesBuildPhase;
			buildActionMask = 2147483647;
			files = (
				B5CE126720A3D88900EC3F30 /* LightCloudUITests.swift in Sources */,
			);
			runOnlyForDeploymentPostprocessing = 0;
		};
/* End PBXSourcesBuildPhase section */

/* Begin PBXTargetDependency section */
		B5CE125920A3D88900EC3F30 /* PBXTargetDependency */ = {
			isa = PBXTargetDependency;
			target = B5CE124220A3D88700EC3F30 /* LightCloud */;
			targetProxy = B5CE125820A3D88900EC3F30 /* PBXContainerItemProxy */;
		};
		B5CE126420A3D88900EC3F30 /* PBXTargetDependency */ = {
			isa = PBXTargetDependency;
			target = B5CE124220A3D88700EC3F30 /* LightCloud */;
			targetProxy = B5CE126320A3D88900EC3F30 /* PBXContainerItemProxy */;
		};
/* End PBXTargetDependency section */

/* Begin PBXVariantGroup section */
		B5CE124F20A3D88800EC3F30 /* LaunchScreen.storyboard */ = {
			isa = PBXVariantGroup;
			children = (
				B5CE125020A3D88800EC3F30 /* Base */,
			);
			name = LaunchScreen.storyboard;
			sourceTree = "<group>";
		};
/* End PBXVariantGroup section */

/* Begin XCBuildConfiguration section */
		B5CE126920A3D88900EC3F30 /* Debug */ = {
			isa = XCBuildConfiguration;
			buildSettings = {
				ALWAYS_SEARCH_USER_PATHS = NO;
				CLANG_ANALYZER_NONNULL = YES;
				CLANG_ANALYZER_NUMBER_OBJECT_CONVERSION = YES_AGGRESSIVE;
				CLANG_CXX_LANGUAGE_STANDARD = "gnu++14";
				CLANG_CXX_LIBRARY = "libc++";
				CLANG_ENABLE_MODULES = YES;
				CLANG_ENABLE_OBJC_ARC = YES;
				CLANG_ENABLE_OBJC_WEAK = YES;
				CLANG_WARN_BLOCK_CAPTURE_AUTORELEASING = YES;
				CLANG_WARN_BOOL_CONVERSION = YES;
				CLANG_WARN_COMMA = YES;
				CLANG_WARN_CONSTANT_CONVERSION = YES;
				CLANG_WARN_DEPRECATED_OBJC_IMPLEMENTATIONS = YES;
				CLANG_WARN_DIRECT_OBJC_ISA_USAGE = YES_ERROR;
				CLANG_WARN_DOCUMENTATION_COMMENTS = YES;
				CLANG_WARN_EMPTY_BODY = YES;
				CLANG_WARN_ENUM_CONVERSION = YES;
				CLANG_WARN_INFINITE_RECURSION = YES;
				CLANG_WARN_INT_CONVERSION = YES;
				CLANG_WARN_NON_LITERAL_NULL_CONVERSION = YES;
				CLANG_WARN_OBJC_IMPLICIT_RETAIN_SELF = YES;
				CLANG_WARN_OBJC_LITERAL_CONVERSION = YES;
				CLANG_WARN_OBJC_ROOT_CLASS = YES_ERROR;
				CLANG_WARN_RANGE_LOOP_ANALYSIS = YES;
				CLANG_WARN_STRICT_PROTOTYPES = YES;
				CLANG_WARN_SUSPICIOUS_MOVE = YES;
				CLANG_WARN_UNGUARDED_AVAILABILITY = YES_AGGRESSIVE;
				CLANG_WARN_UNREACHABLE_CODE = YES;
				CLANG_WARN__DUPLICATE_METHOD_MATCH = YES;
				CODE_SIGN_IDENTITY = "iPhone Developer";
				COPY_PHASE_STRIP = NO;
				DEBUG_INFORMATION_FORMAT = dwarf;
				ENABLE_STRICT_OBJC_MSGSEND = YES;
				ENABLE_TESTABILITY = YES;
				GCC_C_LANGUAGE_STANDARD = gnu11;
				GCC_DYNAMIC_NO_PIC = NO;
				GCC_NO_COMMON_BLOCKS = YES;
				GCC_OPTIMIZATION_LEVEL = 0;
				GCC_PREPROCESSOR_DEFINITIONS = (
					"DEBUG=1",
					"$(inherited)",
				);
				GCC_WARN_64_TO_32_BIT_CONVERSION = YES;
				GCC_WARN_ABOUT_RETURN_TYPE = YES_ERROR;
				GCC_WARN_UNDECLARED_SELECTOR = YES;
				GCC_WARN_UNINITIALIZED_AUTOS = YES_AGGRESSIVE;
				GCC_WARN_UNUSED_FUNCTION = YES;
				GCC_WARN_UNUSED_VARIABLE = YES;
				IPHONEOS_DEPLOYMENT_TARGET = 11.3;
				MTL_ENABLE_DEBUG_INFO = YES;
				ONLY_ACTIVE_ARCH = YES;
				SDKROOT = iphoneos;
				SWIFT_ACTIVE_COMPILATION_CONDITIONS = DEBUG;
				SWIFT_OPTIMIZATION_LEVEL = "-Onone";
			};
			name = Debug;
		};
		B5CE126A20A3D88900EC3F30 /* Release */ = {
			isa = XCBuildConfiguration;
			buildSettings = {
				ALWAYS_SEARCH_USER_PATHS = NO;
				CLANG_ANALYZER_NONNULL = YES;
				CLANG_ANALYZER_NUMBER_OBJECT_CONVERSION = YES_AGGRESSIVE;
				CLANG_CXX_LANGUAGE_STANDARD = "gnu++14";
				CLANG_CXX_LIBRARY = "libc++";
				CLANG_ENABLE_MODULES = YES;
				CLANG_ENABLE_OBJC_ARC = YES;
				CLANG_ENABLE_OBJC_WEAK = YES;
				CLANG_WARN_BLOCK_CAPTURE_AUTORELEASING = YES;
				CLANG_WARN_BOOL_CONVERSION = YES;
				CLANG_WARN_COMMA = YES;
				CLANG_WARN_CONSTANT_CONVERSION = YES;
				CLANG_WARN_DEPRECATED_OBJC_IMPLEMENTATIONS = YES;
				CLANG_WARN_DIRECT_OBJC_ISA_USAGE = YES_ERROR;
				CLANG_WARN_DOCUMENTATION_COMMENTS = YES;
				CLANG_WARN_EMPTY_BODY = YES;
				CLANG_WARN_ENUM_CONVERSION = YES;
				CLANG_WARN_INFINITE_RECURSION = YES;
				CLANG_WARN_INT_CONVERSION = YES;
				CLANG_WARN_NON_LITERAL_NULL_CONVERSION = YES;
				CLANG_WARN_OBJC_IMPLICIT_RETAIN_SELF = YES;
				CLANG_WARN_OBJC_LITERAL_CONVERSION = YES;
				CLANG_WARN_OBJC_ROOT_CLASS = YES_ERROR;
				CLANG_WARN_RANGE_LOOP_ANALYSIS = YES;
				CLANG_WARN_STRICT_PROTOTYPES = YES;
				CLANG_WARN_SUSPICIOUS_MOVE = YES;
				CLANG_WARN_UNGUARDED_AVAILABILITY = YES_AGGRESSIVE;
				CLANG_WARN_UNREACHABLE_CODE = YES;
				CLANG_WARN__DUPLICATE_METHOD_MATCH = YES;
				CODE_SIGN_IDENTITY = "iPhone Developer";
				COPY_PHASE_STRIP = NO;
				DEBUG_INFORMATION_FORMAT = "dwarf-with-dsym";
				ENABLE_NS_ASSERTIONS = NO;
				ENABLE_STRICT_OBJC_MSGSEND = YES;
				GCC_C_LANGUAGE_STANDARD = gnu11;
				GCC_NO_COMMON_BLOCKS = YES;
				GCC_WARN_64_TO_32_BIT_CONVERSION = YES;
				GCC_WARN_ABOUT_RETURN_TYPE = YES_ERROR;
				GCC_WARN_UNDECLARED_SELECTOR = YES;
				GCC_WARN_UNINITIALIZED_AUTOS = YES_AGGRESSIVE;
				GCC_WARN_UNUSED_FUNCTION = YES;
				GCC_WARN_UNUSED_VARIABLE = YES;
				IPHONEOS_DEPLOYMENT_TARGET = 11.3;
				MTL_ENABLE_DEBUG_INFO = NO;
				SDKROOT = iphoneos;
				SWIFT_COMPILATION_MODE = wholemodule;
				SWIFT_OPTIMIZATION_LEVEL = "-O";
				VALIDATE_PRODUCT = YES;
			};
			name = Release;
		};
		B5CE126C20A3D88900EC3F30 /* Debug */ = {
			isa = XCBuildConfiguration;
			baseConfigurationReference = 05FCE86C376FC23D2C014D95 /* Pods-LightCloud.debug.xcconfig */;
			buildSettings = {
				ASSETCATALOG_COMPILER_APPICON_NAME = AppIcon;
				CLANG_ENABLE_MODULES = YES;
				CODE_SIGN_STYLE = Automatic;
				DEVELOPMENT_TEAM = 3BDD68D98V;
				INFOPLIST_FILE = LightCloud/Info.plist;
				IPHONEOS_DEPLOYMENT_TARGET = 9.0;
				LD_RUNPATH_SEARCH_PATHS = (
					"$(inherited)",
					"@executable_path/Frameworks",
				);
				PRODUCT_BUNDLE_IDENTIFIER = "com.gaoX.LightCloud-gx";
				PRODUCT_NAME = "$(TARGET_NAME)";
				SWIFT_OBJC_BRIDGING_HEADER = "${SRCROOT}/LightCloud/LightCloud-Bridging-Header.h";
				SWIFT_OPTIMIZATION_LEVEL = "-Onone";
				SWIFT_VERSION = 4.0;
				TARGETED_DEVICE_FAMILY = 1;
			};
			name = Debug;
		};
		B5CE126D20A3D88900EC3F30 /* Release */ = {
			isa = XCBuildConfiguration;
			baseConfigurationReference = D9E124A2AB1601C3B9E16950 /* Pods-LightCloud.release.xcconfig */;
			buildSettings = {
				ASSETCATALOG_COMPILER_APPICON_NAME = AppIcon;
				CLANG_ENABLE_MODULES = YES;
				CODE_SIGN_STYLE = Automatic;
				DEVELOPMENT_TEAM = 3BDD68D98V;
				INFOPLIST_FILE = LightCloud/Info.plist;
				IPHONEOS_DEPLOYMENT_TARGET = 9.0;
				LD_RUNPATH_SEARCH_PATHS = (
					"$(inherited)",
					"@executable_path/Frameworks",
				);
				PRODUCT_BUNDLE_IDENTIFIER = "com.gaoX.LightCloud-gx";
				PRODUCT_NAME = "$(TARGET_NAME)";
				SWIFT_OBJC_BRIDGING_HEADER = "${SRCROOT}/LightCloud/LightCloud-Bridging-Header.h";
				SWIFT_VERSION = 4.0;
				TARGETED_DEVICE_FAMILY = 1;
			};
			name = Release;
		};
		B5CE126F20A3D88900EC3F30 /* Debug */ = {
			isa = XCBuildConfiguration;
			baseConfigurationReference = A095E71B7201D80AE5B014E6 /* Pods-LightCloudTests.debug.xcconfig */;
			buildSettings = {
				ALWAYS_EMBED_SWIFT_STANDARD_LIBRARIES = YES;
				BUNDLE_LOADER = "$(TEST_HOST)";
				CODE_SIGN_STYLE = Automatic;
				DEVELOPMENT_TEAM = 3BDD68D98V;
				INFOPLIST_FILE = LightCloudTests/Info.plist;
				LD_RUNPATH_SEARCH_PATHS = (
					"$(inherited)",
					"@executable_path/Frameworks",
					"@loader_path/Frameworks",
				);
				PRODUCT_BUNDLE_IDENTIFIER = com.gaoX.LightCloudTests;
				PRODUCT_NAME = "$(TARGET_NAME)";
				SWIFT_VERSION = 4.0;
				TARGETED_DEVICE_FAMILY = "1,2";
				TEST_HOST = "$(BUILT_PRODUCTS_DIR)/LightCloud.app/LightCloud";
			};
			name = Debug;
		};
		B5CE127020A3D88900EC3F30 /* Release */ = {
			isa = XCBuildConfiguration;
			baseConfigurationReference = 7248AAD6D56F320C01A23F26 /* Pods-LightCloudTests.release.xcconfig */;
			buildSettings = {
				ALWAYS_EMBED_SWIFT_STANDARD_LIBRARIES = YES;
				BUNDLE_LOADER = "$(TEST_HOST)";
				CODE_SIGN_STYLE = Automatic;
				DEVELOPMENT_TEAM = 3BDD68D98V;
				INFOPLIST_FILE = LightCloudTests/Info.plist;
				LD_RUNPATH_SEARCH_PATHS = (
					"$(inherited)",
					"@executable_path/Frameworks",
					"@loader_path/Frameworks",
				);
				PRODUCT_BUNDLE_IDENTIFIER = com.gaoX.LightCloudTests;
				PRODUCT_NAME = "$(TARGET_NAME)";
				SWIFT_VERSION = 4.0;
				TARGETED_DEVICE_FAMILY = "1,2";
				TEST_HOST = "$(BUILT_PRODUCTS_DIR)/LightCloud.app/LightCloud";
			};
			name = Release;
		};
		B5CE127220A3D88900EC3F30 /* Debug */ = {
			isa = XCBuildConfiguration;
			baseConfigurationReference = 7356DC83A161CD1EEDA74BE6 /* Pods-LightCloudUITests.debug.xcconfig */;
			buildSettings = {
				ALWAYS_EMBED_SWIFT_STANDARD_LIBRARIES = YES;
				CODE_SIGN_STYLE = Automatic;
				DEVELOPMENT_TEAM = 3BDD68D98V;
				INFOPLIST_FILE = LightCloudUITests/Info.plist;
				LD_RUNPATH_SEARCH_PATHS = (
					"$(inherited)",
					"@executable_path/Frameworks",
					"@loader_path/Frameworks",
				);
				PRODUCT_BUNDLE_IDENTIFIER = com.gaoX.LightCloudUITests;
				PRODUCT_NAME = "$(TARGET_NAME)";
				SWIFT_VERSION = 4.0;
				TARGETED_DEVICE_FAMILY = "1,2";
				TEST_TARGET_NAME = LightCloud;
			};
			name = Debug;
		};
		B5CE127320A3D88900EC3F30 /* Release */ = {
			isa = XCBuildConfiguration;
			baseConfigurationReference = 14AE4D52C883F8123E91BC1D /* Pods-LightCloudUITests.release.xcconfig */;
			buildSettings = {
				ALWAYS_EMBED_SWIFT_STANDARD_LIBRARIES = YES;
				CODE_SIGN_STYLE = Automatic;
				DEVELOPMENT_TEAM = 3BDD68D98V;
				INFOPLIST_FILE = LightCloudUITests/Info.plist;
				LD_RUNPATH_SEARCH_PATHS = (
					"$(inherited)",
					"@executable_path/Frameworks",
					"@loader_path/Frameworks",
				);
				PRODUCT_BUNDLE_IDENTIFIER = com.gaoX.LightCloudUITests;
				PRODUCT_NAME = "$(TARGET_NAME)";
				SWIFT_VERSION = 4.0;
				TARGETED_DEVICE_FAMILY = "1,2";
				TEST_TARGET_NAME = LightCloud;
			};
			name = Release;
		};
/* End XCBuildConfiguration section */

/* Begin XCConfigurationList section */
		B5CE123E20A3D88700EC3F30 /* Build configuration list for PBXProject "LightCloud" */ = {
			isa = XCConfigurationList;
			buildConfigurations = (
				B5CE126920A3D88900EC3F30 /* Debug */,
				B5CE126A20A3D88900EC3F30 /* Release */,
			);
			defaultConfigurationIsVisible = 0;
			defaultConfigurationName = Release;
		};
		B5CE126B20A3D88900EC3F30 /* Build configuration list for PBXNativeTarget "LightCloud" */ = {
			isa = XCConfigurationList;
			buildConfigurations = (
				B5CE126C20A3D88900EC3F30 /* Debug */,
				B5CE126D20A3D88900EC3F30 /* Release */,
			);
			defaultConfigurationIsVisible = 0;
			defaultConfigurationName = Release;
		};
		B5CE126E20A3D88900EC3F30 /* Build configuration list for PBXNativeTarget "LightCloudTests" */ = {
			isa = XCConfigurationList;
			buildConfigurations = (
				B5CE126F20A3D88900EC3F30 /* Debug */,
				B5CE127020A3D88900EC3F30 /* Release */,
			);
			defaultConfigurationIsVisible = 0;
			defaultConfigurationName = Release;
		};
		B5CE127120A3D88900EC3F30 /* Build configuration list for PBXNativeTarget "LightCloudUITests" */ = {
			isa = XCConfigurationList;
			buildConfigurations = (
				B5CE127220A3D88900EC3F30 /* Debug */,
				B5CE127320A3D88900EC3F30 /* Release */,
			);
			defaultConfigurationIsVisible = 0;
			defaultConfigurationName = Release;
		};
/* End XCConfigurationList section */
	};
	rootObject = B5CE123B20A3D88700EC3F30 /* Project object */;
}
